
Microsoft Visual Studio Solution File, Format Version 12.00
# Visual Studio Version 17
VisualStudioVersion = 17.11.35312.102
MinimumVisualStudioVersion = 10.0.40219.1
Project("{FAE04EC0-301F-11D3-BF4B-00C04F79EFBC}") = "6", "6\6.csproj", "{0873D9CD-6D75-4474-8334-239EF405B3DA}"
EndProject
Global
	GlobalSection(SolutionConfigurationPlatforms) = preSolution
		Debug|Any CPU = Debug|Any CPU
		Release|Any CPU = Release|Any CPU
	EndGlobalSection
	GlobalSection(ProjectConfigurationPlatforms) = postSolution
		{0873D9CD-6D75-4474-8334-239EF405B3DA}.Debug|Any CPU.ActiveCfg = Debug|Any CPU
		{0873D9CD-6D75-4474-8334-239EF405B3DA}.Debug|Any CPU.Build.0 = Debug|Any CPU
		{0873D9CD-6D75-4474-8334-239EF405B3DA}.Release|Any CPU.ActiveCfg = Release|Any CPU
		{0873D9CD-6D75-4474-8334-239EF405B3DA}.Release|Any CPU.Build.0 = Release|Any CPU
	EndGlobalSection
	GlobalSection(SolutionProperties) = preSolution
		HideSolutionNode = FALSE
	EndGlobalSection
	GlobalSection(ExtensibilityGlobals) = postSolution
		SolutionGuid = {0B8F427A-72C7-4870-887C-73BCEC7621D1}
	EndGlobalSection
EndGlobal
