
Microsoft Visual Studio Solution File, Format Version 12.00
# Visual Studio Version 17
VisualStudioVersion = 17.11.35312.102
MinimumVisualStudioVersion = 10.0.40219.1
Project("{FAE04EC0-301F-11D3-BF4B-00C04F79EFBC}") = "8", "8\8.csproj", "{A6274564-4B81-4857-8346-F65E4C07B78D}"
EndProject
Global
	GlobalSection(SolutionConfigurationPlatforms) = preSolution
		Debug|Any CPU = Debug|Any CPU
		Release|Any CPU = Release|Any CPU
	EndGlobalSection
	GlobalSection(ProjectConfigurationPlatforms) = postSolution
		{A6274564-4B81-4857-8346-F65E4C07B78D}.Debug|Any CPU.ActiveCfg = Debug|Any CPU
		{A6274564-4B81-4857-8346-F65E4C07B78D}.Debug|Any CPU.Build.0 = Debug|Any CPU
		{A6274564-4B81-4857-8346-F65E4C07B78D}.Release|Any CPU.ActiveCfg = Release|Any CPU
		{A6274564-4B81-4857-8346-F65E4C07B78D}.Release|Any CPU.Build.0 = Release|Any CPU
	EndGlobalSection
	GlobalSection(SolutionProperties) = preSolution
		HideSolutionNode = FALSE
	EndGlobalSection
	GlobalSection(ExtensibilityGlobals) = postSolution
		SolutionGuid = {F339B615-1E9D-4574-A65A-3B0BFB53BE76}
	EndGlobalSection
EndGlobal
