
Microsoft Visual Studio Solution File, Format Version 12.00
# Visual Studio Version 17
VisualStudioVersion = 17.11.35312.102
MinimumVisualStudioVersion = 10.0.40219.1
Project("{FAE04EC0-301F-11D3-BF4B-00C04F79EFBC}") = "Дополнительное", "Дополнительное\Дополнительное.csproj", "{2BB4BABF-2A05-4356-9BC5-C4F87090771A}"
EndProject
Global
	GlobalSection(SolutionConfigurationPlatforms) = preSolution
		Debug|Any CPU = Debug|Any CPU
		Release|Any CPU = Release|Any CPU
	EndGlobalSection
	GlobalSection(ProjectConfigurationPlatforms) = postSolution
		{2BB4BABF-2A05-4356-9BC5-C4F87090771A}.Debug|Any CPU.ActiveCfg = Debug|Any CPU
		{2BB4BABF-2A05-4356-9BC5-C4F87090771A}.Debug|Any CPU.Build.0 = Debug|Any CPU
		{2BB4BABF-2A05-4356-9BC5-C4F87090771A}.Release|Any CPU.ActiveCfg = Release|Any CPU
		{2BB4BABF-2A05-4356-9BC5-C4F87090771A}.Release|Any CPU.Build.0 = Release|Any CPU
	EndGlobalSection
	GlobalSection(SolutionProperties) = preSolution
		HideSolutionNode = FALSE
	EndGlobalSection
	GlobalSection(ExtensibilityGlobals) = postSolution
		SolutionGuid = {E76F2795-C195-481D-A39E-7ED4B19A0671}
	EndGlobalSection
EndGlobal
